lockfileVersion: '9.0'

settings:
  autoInstallPeers: true
  excludeLinksFromLockfile: false

importers:

  .:
    devDependencies:
      '@inlang/cli':
        specifier: ^3.0.0
        version: 3.0.12
      '@inlang/paraglide-js':
        specifier: 2.2.0
        version: 2.2.0
      '@playwright/test':
        specifier: ^1.51.0
        version: 1.51.0
      '@types/node':
        specifier: ^22.13.10
        version: 22.13.10
      chokidar-cli:
        specifier: ^3.0.0
        version: 3.0.0
      cross-env:
        specifier: ^7.0.3
        version: 7.0.3
      date-fns:
        specifier: ^4.1.0
        version: 4.1.0
      dotenv:
        specifier: ^16.4.7
        version: 16.4.7
      os-locale:
        specifier: ^6.0.2
        version: 6.0.2

packages:

  '@inlang/cli@3.0.12':
    resolution: {integrity: sha512-0FZJtgrt1Ol4iwKtA0VICrsHcA3stWTSP2jq8mpTgjTlFU63gr5JcyFljUT8Dp5nDIJYmdh3kJ0a8PhW0X8clQ==}
    engines: {node: '>=18.0.0'}
    hasBin: true

  '@inlang/paraglide-js@2.2.0':
    resolution: {integrity: sha512-pkpXu1LanvpcAbvpVPf7PgF11Uq7DliSEBngrcUN36l4ZOOpzn3QBTvVr/tJxvks0O67WseQgiMHet8KH7Oz5A==}
    hasBin: true

  '@inlang/recommend-sherlock@0.2.1':
    resolution: {integrity: sha512-ckv8HvHy/iTqaVAEKrr+gnl+p3XFNwe5D2+6w6wJk2ORV2XkcRkKOJ/XsTUJbPSiyi4PI+p+T3bqbmNx/rDUlg==}

  '@inlang/sdk@2.4.9':
    resolution: {integrity: sha512-cvz/C1rF5WBxzHbEoiBoI6Sz6q6M+TdxfWkEGBYTD77opY8i8WN01prUWXEM87GPF4SZcyIySez9U0Ccm12oFQ==}
    engines: {node: '>=18.0.0'}

  '@lix-js/sdk@0.4.7':
    resolution: {integrity: sha512-pRbW+joG12L0ULfMiWYosIW0plmW4AsUdiPCp+Z8rAsElJ+wJ6in58zhD3UwUcd4BNcpldEGjg6PdA7e0RgsDQ==}
    engines: {node: '>=18'}

  '@lix-js/server-protocol-schema@0.1.1':
    resolution: {integrity: sha512-jBeALB6prAbtr5q4vTuxnRZZv1M2rKe8iNqRQhFJ4Tv7150unEa0vKyz0hs8Gl3fUGsWaNJBh3J8++fpbrpRBQ==}

  '@playwright/test@1.51.0':
    resolution: {integrity: sha512-dJ0dMbZeHhI+wb77+ljx/FeC8VBP6j/rj9OAojO08JI80wTZy6vRk9KvHKiDCUh4iMpEiseMgqRBIeW+eKX6RA==}
    engines: {node: '>=18'}
    hasBin: true

  '@sinclair/typebox@0.31.28':
    resolution: {integrity: sha512-/s55Jujywdw/Jpan+vsy6JZs1z2ZTGxTmbZTPiuSL2wz9mfzA2gN1zzaqmvfi4pq+uOt7Du85fkiwv5ymW84aQ==}

  '@sqlite.org/sqlite-wasm@3.48.0-build4':
    resolution: {integrity: sha512-hI6twvUkzOmyGZhQMza1gpfqErZxXRw6JEsiVjUbo7tFanVD+8Oil0Ih3l2nGzHdxPI41zFmfUQG7GHqhciKZQ==}
    hasBin: true

  '@types/node@22.13.10':
    resolution: {integrity: sha512-I6LPUvlRH+O6VRUqYOcMudhaIdUVWfsjnZavnsraHvpBwaEyMN29ry+0UVJhImYL16xsscu0aske3yA+uPOWfw==}

  acorn@8.15.0:
    resolution: {integrity: sha512-NZyJarBfL7nWwIq+FDL6Zp/yHEhePMNnnJ0y3qfieCrmNvYct8uvtiV41UvlSe6apAfk0fY1FbWx+NwfmpvtTg==}
    engines: {node: '>=0.4.0'}
    hasBin: true

  ansi-regex@4.1.1:
    resolution: {integrity: sha512-ILlv4k/3f6vfQ4OoP2AGvirOktlQ98ZEL1k9FaQjxa3L1abBgbuTDAdPOpvbGncC0BTVQrl+OM8xZGK6tWXt7g==}
    engines: {node: '>=6'}

  ansi-styles@3.2.1:
    resolution: {integrity: sha512-VT0ZI6kZRdTh8YyJw3SMbYm/u+NqfsAxEpWO0Pf9sq8/e94WxxOpPKx9FR1FlyCtOVDNOQ+8ntlqFxiRc+r5qA==}
    engines: {node: '>=4'}

  anymatch@3.1.3:
    resolution: {integrity: sha512-KMReFUr0B4t+D+OBkjR3KYqvocp2XaSzO55UcB6mgQMd3KbcE+mWTyvVV7D/zsdEbNnV6acZUutkiHQXvTr1Rw==}
    engines: {node: '>= 8'}

  array-timsort@1.0.3:
    resolution: {integrity: sha512-/+3GRL7dDAGEfM6TseQk/U+mi18TU2Ms9I3UlLdUMhz2hbvGNTKdj9xniwXfUqgYhHxRx0+8UnKkvlNwVU+cWQ==}

  binary-extensions@2.3.0:
    resolution: {integrity: sha512-Ceh+7ox5qe7LJuLHoY0feh3pHuUDHAcRUeyL2VYghZwfpkNIy/+8Ocg0a3UuSoYzavmylwuLWQOf3hl0jjMMIw==}
    engines: {node: '>=8'}

  braces@3.0.3:
    resolution: {integrity: sha512-yQbXgO/OSZVD2IsiLlro+7Hf6Q18EJrKSEsdoMzKePKXct3gvD8oLcOQdIzGupr5Fj+EDe8gO/lxc1BzfMpxvA==}
    engines: {node: '>=8'}

  camelcase@5.3.1:
    resolution: {integrity: sha512-L28STB170nwWS63UjtlEOE3dldQApaJXZkOI1uMFfzf3rRuPegHaHesyee+YxQ+W6SvRDQV6UrdOdRiR153wJg==}
    engines: {node: '>=6'}

  chokidar-cli@3.0.0:
    resolution: {integrity: sha512-xVW+Qeh7z15uZRxHOkP93Ux8A0xbPzwK4GaqD8dQOYc34TlkqUhVSS59fK36DOp5WdJlrRzlYSy02Ht99FjZqQ==}
    engines: {node: '>= 8.10.0'}
    hasBin: true

  chokidar@3.6.0:
    resolution: {integrity: sha512-7VT13fmjotKpGipCW9JEQAusEPE+Ei8nl6/g4FBAmIm0GOOLMua9NDDo/DWp0ZAxCr3cPq5ZpBqmPAQgDda2Pw==}
    engines: {node: '>= 8.10.0'}

  cliui@5.0.0:
    resolution: {integrity: sha512-PYeGSEmmHM6zvoef2w8TPzlrnNpXIjTipYK780YswmIP9vjxmd6Y2a3CB2Ks6/AU8NHjZugXvo8w3oWM2qnwXA==}

  color-convert@1.9.3:
    resolution: {integrity: sha512-QfAUtd+vFdAtFQcC8CCyYt1fYWxSqAiK2cSD6zDB8N3cpsEBAvRxp9zOGg6G/SHHJYAT88/az/IuDGALsNVbGg==}

  color-name@1.1.3:
    resolution: {integrity: sha512-72fSenhMw2HZMTVHeCA9KCmpEIbzWiQsjN+BHcBbS9vr1mtt+vJjPdksIBNUmKAW8TFUDPJK5SUU3QhE9NEXDw==}

  commander@11.1.0:
    resolution: {integrity: sha512-yPVavfyCcRhmorC7rWlkHn15b4wDVgVmBA7kV4QVBsF7kv/9TKJAbAXVTxvTnwP8HHKjRCJDClKbciiYS7p0DQ==}
    engines: {node: '>=16'}

  comment-json@4.2.5:
    resolution: {integrity: sha512-bKw/r35jR3HGt5PEPm1ljsQQGyCrR8sFGNiN5L+ykDHdpO8Smxkrkla9Yi6NkQyUrb8V54PGhfMs6NrIwtxtdw==}
    engines: {node: '>= 6'}

  consola@3.4.0:
    resolution: {integrity: sha512-EiPU8G6dQG0GFHNR8ljnZFki/8a+cQwEQ+7wpxdChl02Q8HXlwEZWD5lqAF8vC2sEC3Tehr8hy7vErz88LHyUA==}
    engines: {node: ^14.18.0 || >=16.10.0}

  core-util-is@1.0.3:
    resolution: {integrity: sha512-ZQBvi1DcpJ4GDqanjucZ2Hj3wEO5pZDS89BWbkcrvdxksJorwUDDZamX9ldFkp9aw2lmBDLgkObEA4DWNJ9FYQ==}

  cross-env@7.0.3:
    resolution: {integrity: sha512-+/HKd6EgcQCJGh2PSjZuUitQBQynKor4wrFbRg4DtAgS1aWO+gU52xpH7M9ScGgXSYmAVS9bIJ8EzuaGw0oNAw==}
    engines: {node: '>=10.14', npm: '>=6', yarn: '>=1'}
    hasBin: true

  cross-spawn@7.0.6:
    resolution: {integrity: sha512-uV2QOWP2nWzsy2aMp8aRibhi9dlzF5Hgh5SHaB9OiTGEyDTiJJyx0uy51QXdyWbtAHNua4XJzUKca3OzKUd3vA==}
    engines: {node: '>= 8'}

  date-fns@4.1.0:
    resolution: {integrity: sha512-Ukq0owbQXxa/U3EGtsdVBkR1w7KOQ5gIBqdH2hkvknzZPYvBxb/aa6E8L7tmjFtkwZBu3UXBbjIgPo/Ez4xaNg==}

  decamelize@1.2.0:
    resolution: {integrity: sha512-z2S+W9X73hAUUki+N+9Za2lBlun89zigOyGrsax+KUQ6wKW4ZoWpEYBkGhQjwAjjDCkWxhY0VKEhk8wzY7F5cA==}
    engines: {node: '>=0.10.0'}

  dedent@1.5.1:
    resolution: {integrity: sha512-+LxW+KLWxu3HW3M2w2ympwtqPrqYRzU8fqi6Fhd18fBALe15blJPI/I4+UHveMVG6lJqB4JNd4UG0S5cnVHwIg==}
    peerDependencies:
      babel-plugin-macros: ^3.1.0
    peerDependenciesMeta:
      babel-plugin-macros:
        optional: true

  dotenv@16.4.7:
    resolution: {integrity: sha512-47qPchRCykZC03FhkYAhrvwU4xDBFIj1QPqaarj6mdM/hgUzfPHcpkHJOn3mJAufFeeAxAzeGsr5X0M4k6fLZQ==}
    engines: {node: '>=12'}

  emoji-regex@7.0.3:
    resolution: {integrity: sha512-CwBLREIQ7LvYFB0WyRvwhq5N5qPhc6PMjD6bYggFlI5YyDgl+0vxq5VHbMOFqLg7hfWzmu8T5Z1QofhmTIhItA==}

  esbuild-wasm@0.19.12:
    resolution: {integrity: sha512-Zmc4hk6FibJZBcTx5/8K/4jT3/oG1vkGTEeKJUQFCUQKimD6Q7+adp/bdVQyYJFolMKaXkQnVZdV4O5ZaTYmyQ==}
    engines: {node: '>=12'}
    hasBin: true

  esprima@4.0.1:
    resolution: {integrity: sha512-eGuFFw7Upda+g4p+QHvnW0RyTX/SVeJBDM/gCtMARO0cLuT2HcEKnTPvhjV6aGeqrCB/sbNop0Kszm0jsaWU4A==}
    engines: {node: '>=4'}
    hasBin: true

  fill-range@7.1.1:
    resolution: {integrity: sha512-YsGpe3WHLK8ZYi4tWDg2Jy3ebRz2rXowDxnld4bkQB00cc/1Zw9AWnC0i9ztDJitivtQvaI9KaLyKrc+hBW0yg==}
    engines: {node: '>=8'}

  find-up@3.0.0:
    resolution: {integrity: sha512-1yD6RmLI1XBfxugvORwlck6f75tYL+iR0jqwsOrOxMZyGYqUuDhJ0l4AXdO1iX/FTs9cBAMEk1gWSEx1kSbylg==}
    engines: {node: '>=6'}

  fsevents@2.3.2:
    resolution: {integrity: sha512-xiqMQR4xAeHTuB9uWm+fFRcIOgKBMiOBP+eXiyT7jsgVCq1bkVygt00oASowB7EdtpOHaaPgKt812P9ab+DDKA==}
    engines: {node: ^8.16.0 || ^10.6.0 || >=11.0.0}
    os: [darwin]

  get-caller-file@2.0.5:
    resolution: {integrity: sha512-DyFP3BM/3YHTQOCUL/w0OZHR0lpKeGrxotcHWcqNEdnltqFwXVfhEBQ94eIo34AfQpo0rGki4cyIiftY06h2Fg==}
    engines: {node: 6.* || 8.* || >= 10.*}

  glob-parent@5.1.2:
    resolution: {integrity: sha512-AOIgSQCepiJYwP3ARnGx+5VnTu2HBYdzbGP45eLw1vr3zB3vZLeyed1sC9hnbcOc9/SrMyM5RPQrkGz4aS9Zow==}
    engines: {node: '>= 6'}

  has-own-prop@2.0.0:
    resolution: {integrity: sha512-Pq0h+hvsVm6dDEa8x82GnLSYHOzNDt7f0ddFa3FqcQlgzEiptPqL+XrOJNavjOzSYiYWIrgeVYYgGlLmnxwilQ==}
    engines: {node: '>=8'}

  human-id@4.1.1:
    resolution: {integrity: sha512-3gKm/gCSUipeLsRYZbbdA1BD83lBoWUkZ7G9VFrhWPAU76KwYo5KR8V28bpoPm/ygy0x5/GCbpRQdY7VLYCoIg==}
    hasBin: true

  invert-kv@3.0.1:
    resolution: {integrity: sha512-CYdFeFexxhv/Bcny+Q0BfOV+ltRlJcd4BBZBYFX/O0u4npJrgZtIcjokegtiSMAvlMTJ+Koq0GBCc//3bueQxw==}
    engines: {node: '>=8'}

  is-binary-path@2.1.0:
    resolution: {integrity: sha512-ZMERYes6pDydyuGidse7OsHxtbI7WVeUEozgR/g7rd0xUimYNlvZRE/K2MgZTjWy725IfelLeVcEM97mmtRGXw==}
    engines: {node: '>=8'}

  is-extglob@2.1.1:
    resolution: {integrity: sha512-SbKbANkN603Vi4jEZv49LeVJMn4yGwsbzZworEoyEiutsN3nJYdbO36zfhGJ6QEDpOZIFkDtnq5JRxmvl3jsoQ==}
    engines: {node: '>=0.10.0'}

  is-fullwidth-code-point@2.0.0:
    resolution: {integrity: sha512-VHskAKYM8RfSFXwee5t5cbN5PZeq1Wrh6qd5bkyiXIf6UQcN6w/A0eXM9r6t8d+GYOh+o6ZhiEnb88LN/Y8m2w==}
    engines: {node: '>=4'}

  is-glob@4.0.3:
    resolution: {integrity: sha512-xelSayHH36ZgE7ZWhli7pW34hNbNl8Ojv5KVmkJD4hBdD3th8Tfk9vYasLM+mXWOZhFkgZfxhLSnrwRr4elSSg==}
    engines: {node: '>=0.10.0'}

  is-number@7.0.0:
    resolution: {integrity: sha512-41Cifkg6e8TylSpdtTpeLVMqvSBEVzTttHvERD741+pnZ8ANv0004MRL43QKPDlK9cGvNp6NZWZUBlbGXYxxng==}
    engines: {node: '>=0.12.0'}

  isexe@2.0.0:
    resolution: {integrity: sha512-RHxMLp9lnKHGHRng9QFhRCMbYAcVpn69smSGcq3f36xjgVVWThj4qqLbTLlq7Ssj8B+fIQ1EuCEGI2lKsyQeIw==}

  js-sha256@0.11.1:
    resolution: {integrity: sha512-o6WSo/LUvY2uC4j7mO50a2ms7E/EAdbP0swigLV+nzHKTTaYnaLIWJ02VdXrsJX0vGedDESQnLsOekr94ryfjg==}

  json5@2.2.3:
    resolution: {integrity: sha512-XmOWe7eyHYH14cLdVPoyg+GOH3rYX++KpzrylJwSW98t3Nk+U8XOl8FWKOgwtzdb8lXGf6zYwDUzeHMWfxasyg==}
    engines: {node: '>=6'}
    hasBin: true

  kysely@0.27.6:
    resolution: {integrity: sha512-FIyV/64EkKhJmjgC0g2hygpBv5RNWVPyNCqSAD7eTCv6eFWNIi4PN1UvdSJGicN/o35bnevgis4Y0UDC0qi8jQ==}
    engines: {node: '>=14.0.0'}

  lcid@3.1.1:
    resolution: {integrity: sha512-M6T051+5QCGLBQb8id3hdvIW8+zeFV2FyBGFS9IEK5H9Wt4MueD4bW1eWikpHgZp+5xR3l5c8pZUkQsIA0BFZg==}
    engines: {node: '>=8'}

  locate-path@3.0.0:
    resolution: {integrity: sha512-7AO748wWnIhNqAuaty2ZWHkQHRSNfPVIsPIfwEOWO22AmaoVrWavlOcMR5nzTLNYvp36X220/maaRsrec1G65A==}
    engines: {node: '>=6'}

  lodash.debounce@4.0.8:
    resolution: {integrity: sha512-FT1yDzDYEoYWhnSGnpE/4Kj1fLZkDFyqRb7fNt6FdYOSxlUWAtp42Eh6Wb0rGIv/m9Bgo7x4GhQbm5Ys4SG5ow==}

  lodash.throttle@4.1.1:
    resolution: {integrity: sha512-wIkUCfVKpVsWo3JSZlc+8MB5it+2AN5W8J7YVMST30UrvcQNZ1Okbj+rbVniijTWE6FGYy4XJq/rHkas8qJMLQ==}

  normalize-path@3.0.0:
    resolution: {integrity: sha512-6eZs5Ls3WtCisHWp9S2GUy8dqkpGi4BVSz3GaqiE6ezub0512ESztXUwUB6C6IKbQkY2Pnb/mD4WYojCRwcwLA==}
    engines: {node: '>=0.10.0'}

  os-locale@6.0.2:
    resolution: {integrity: sha512-qIb8bzRqaN/vVqEYZ7lTAg6PonskO7xOmM7OClD28F6eFa4s5XGe4bGpHUHMoCHbNNuR0pDYFeSLiW5bnjWXIA==}
    engines: {node: '>=12.20'}

  p-limit@2.3.0:
    resolution: {integrity: sha512-//88mFWSJx8lxCzwdAABTJL2MyWB12+eIY7MDL2SqLmAkeKU9qxRvWuSyTjm3FUmpBEMuFfckAIqEaVGUDxb6w==}
    engines: {node: '>=6'}

  p-locate@3.0.0:
    resolution: {integrity: sha512-x+12w/To+4GFfgJhBEpiDcLozRJGegY+Ei7/z0tSLkMmxGZNybVMSfWj9aJn8Z5Fc7dBUNJOOVgPv2H7IwulSQ==}
    engines: {node: '>=6'}

  p-try@2.2.0:
    resolution: {integrity: sha512-R4nPAVTAU0B9D35/Gk3uJf/7XYbQcyohSKdvAxIRSNghFl4e71hVoGnBNQz9cWaXxO2I10KTC+3jMdvvoKw6dQ==}
    engines: {node: '>=6'}

  path-exists@3.0.0:
    resolution: {integrity: sha512-bpC7GYwiDYQ4wYLe+FA8lhRjhQCMcQGuSgGGqDkg/QerRWw9CmGRT0iSOVRSZJ29NMLZgIzqaljJ63oaL4NIJQ==}
    engines: {node: '>=4'}

  path-key@3.1.1:
    resolution: {integrity: sha512-ojmeN0qd+y0jszEtoY48r0Peq5dwMEkIlCOu6Q5f41lfkswXuKtYrhgoTpLnyIcHm24Uhqx+5Tqm2InSwLhE6Q==}
    engines: {node: '>=8'}

  picomatch@2.3.1:
    resolution: {integrity: sha512-JU3teHTNjmE2VCGFzuY8EXzCDVwEqB2a8fsIvwaStHhAWJEeVd1o1QD80CU6+ZdEXXSLbSsuLwJjkCBWqRQUVA==}
    engines: {node: '>=8.6'}

  picomatch@4.0.3:
    resolution: {integrity: sha512-5gTmgEY/sqK6gFXLIsQNH19lWb4ebPDLA4SdLP7dsWkIXHWlG66oPuVvXSGFPppYZz8ZDZq0dYYrbHfBCVUb1Q==}
    engines: {node: '>=12'}

  playwright-core@1.51.0:
    resolution: {integrity: sha512-x47yPE3Zwhlil7wlNU/iktF7t2r/URR3VLbH6EknJd/04Qc/PSJ0EY3CMXipmglLG+zyRxW6HNo2EGbKLHPWMg==}
    engines: {node: '>=18'}
    hasBin: true

  playwright@1.51.0:
    resolution: {integrity: sha512-442pTfGM0xxfCYxuBa/Pu6B2OqxqqaYq39JS8QDMGThUvIOCd6s0ANDog3uwA0cHavVlnTQzGCN7Id2YekDSXA==}
    engines: {node: '>=18'}
    hasBin: true

  readdirp@3.6.0:
    resolution: {integrity: sha512-hOS089on8RduqdbhvQ5Z37A0ESjsqz6qnRcffsMU3495FuTdqSm+7bhJ29JvIOsBDEEnan5DPu9t3To9VRlMzA==}
    engines: {node: '>=8.10.0'}

  repeat-string@1.6.1:
    resolution: {integrity: sha512-PV0dzCYDNfRi1jCDbJzpW7jNNDRuCOG/jI5ctQcGKt/clZD+YcPS3yIlWuTJMmESC8aevCFmWJy5wjAFgNqN6w==}
    engines: {node: '>=0.10'}

  require-directory@2.1.1:
    resolution: {integrity: sha512-fGxEI7+wsG9xrvdjsrlmL22OMTTiHRwAMroiEeMgq8gzoLC/PQr7RsRDSTLUg/bZAZtF+TVIkHc6/4RIKrui+Q==}
    engines: {node: '>=0.10.0'}

  require-main-filename@2.0.0:
    resolution: {integrity: sha512-NKN5kMDylKuldxYLSUfrbo5Tuzh4hd+2E8NPPX02mZtn1VuREQToYe/ZdlJy+J3uCpfaiGF05e7B8W0iXbQHmg==}

  set-blocking@2.0.0:
    resolution: {integrity: sha512-KiKBS8AnWGEyLzofFfmvKwpdPzqiy16LvQfK3yv/fVH7Bj13/wl3JSR1J+rfgRE9q7xUJK4qvgS8raSOeLUehw==}

  shebang-command@2.0.0:
    resolution: {integrity: sha512-kHxr2zZpYtdmrN1qDjrrX/Z1rR1kG8Dx+gkpK1G4eXmvXswmcE1hTWBWYUzlraYw1/yZp6YuDY77YtvbN0dmDA==}
    engines: {node: '>=8'}

  shebang-regex@3.0.0:
    resolution: {integrity: sha512-7++dFhtcx3353uBaq8DDR4NuxBetBzC7ZQOhmTQInHEd6bSrXdiEyzCvG07Z44UYdLShWUyXt5M/yhz8ekcb1A==}
    engines: {node: '>=8'}

  sqlite-wasm-kysely@0.3.0:
    resolution: {integrity: sha512-TzjBNv7KwRw6E3pdKdlRyZiTmUIE0UttT/Sl56MVwVARl/u5gp978KepazCJZewFUnlWHz9i3NQd4kOtP/Afdg==}
    peerDependencies:
      kysely: '*'

  string-width@3.1.0:
    resolution: {integrity: sha512-vafcv6KjVZKSgz06oM/H6GDBrAtz8vdhQakGjFIvNrHA6y3HCF1CInLy+QLq8dTJPQ1b+KDUqDFctkdRW44e1w==}
    engines: {node: '>=6'}

  strip-ansi@5.2.0:
    resolution: {integrity: sha512-DuRs1gKbBqsMKIZlrffwlug8MHkcnpjs5VPmL1PAh+mA30U0DTotfDZ0d2UUsXpPmPmMMJ6W773MaA3J+lbiWA==}
    engines: {node: '>=6'}

  to-regex-range@5.0.1:
    resolution: {integrity: sha512-65P7iz6X5yEr1cwcgvQxbbIw7Uk3gOy5dIdtZ4rDveLqhrdJP+Li/Hx6tyK0NEb+2GCyneCMJiGqrADCSNk8sQ==}
    engines: {node: '>=8.0'}

  undici-types@6.20.0:
    resolution: {integrity: sha512-Ny6QZ2Nju20vw1SRHe3d9jVu6gJ+4e3+MMpqu7pqE5HT6WsTSlce++GQmK5UXS8mzV8DSYHrQH+Xrf2jVcuKNg==}

  unplugin@2.3.5:
    resolution: {integrity: sha512-RyWSb5AHmGtjjNQ6gIlA67sHOsWpsbWpwDokLwTcejVdOjEkJZh7QKu14J00gDDVSh8kGH4KYC/TNBceXFZhtw==}
    engines: {node: '>=18.12.0'}

  urlpattern-polyfill@10.1.0:
    resolution: {integrity: sha512-IGjKp/o0NL3Bso1PymYURCJxMPNAf/ILOpendP9f5B6e1rTJgdgiOvgfoT8VxCAdY+Wisb9uhGaJJf3yZ2V9nw==}

  uuid@10.0.0:
    resolution: {integrity: sha512-8XkAphELsDnEGrDxUOHB3RGvXz6TeuYSGEZBOjtTtPm2lwhGBjLgOzLHB63IUWfBpNucQjND6d3AOudO+H3RWQ==}
    hasBin: true

  webpack-virtual-modules@0.6.2:
    resolution: {integrity: sha512-66/V2i5hQanC51vBQKPH4aI8NMAcBW59FVBs+rC7eGHupMyfn34q7rZIE+ETlJ+XTevqfUhVVBgSUNSW2flEUQ==}

  which-module@2.0.1:
    resolution: {integrity: sha512-iBdZ57RDvnOR9AGBhML2vFZf7h8vmBjhoaZqODJBFWHVtKkDmKuHai3cx5PgVMrX5YDNp27AofYbAwctSS+vhQ==}

  which@2.0.2:
    resolution: {integrity: sha512-BLI3Tl1TW3Pvl70l3yq3Y64i+awpwXqsGBYWkkqMtnbXgrMD+yj7rhW0kuEDxzJaYXGjEW5ogapKNMEKNMjibA==}
    engines: {node: '>= 8'}
    hasBin: true

  wrap-ansi@5.1.0:
    resolution: {integrity: sha512-QC1/iN/2/RPVJ5jYK8BGttj5z83LmSKmvbvrXPNCLZSEb32KKVDJDl/MOt2N01qU2H/FkzEa9PKto1BqDjtd7Q==}
    engines: {node: '>=6'}

  y18n@4.0.3:
    resolution: {integrity: sha512-JKhqTOwSrqNA1NY5lSztJ1GrBiUodLMmIZuLiDaMRJ+itFd+ABVE8XBjOvIWL+rSqNDC74LCSFmlb/U4UZ4hJQ==}

  yargs-parser@13.1.2:
    resolution: {integrity: sha512-3lbsNRf/j+A4QuSZfDRA7HRSfWrzO0YjqTJd5kjAq37Zep1CEgaYmrH9Q3GwPiB9cHyd1Y1UwggGhJGoxipbzg==}

  yargs@13.3.2:
    resolution: {integrity: sha512-AX3Zw5iPruN5ie6xGRIDgqkT+ZhnRlZMLMHAs8tg7nRruy2Nb+i5o9bwghAogtM08q1dpr2LVoS8KSTMYpWXUw==}

snapshots:

  '@inlang/cli@3.0.12':
    dependencies:
      '@inlang/sdk': 2.4.9
      esbuild-wasm: 0.19.12
    transitivePeerDependencies:
      - babel-plugin-macros

  '@inlang/paraglide-js@2.2.0':
    dependencies:
      '@inlang/recommend-sherlock': 0.2.1
      '@inlang/sdk': 2.4.9
      commander: 11.1.0
      consola: 3.4.0
      json5: 2.2.3
      unplugin: 2.3.5
      urlpattern-polyfill: 10.1.0
    transitivePeerDependencies:
      - babel-plugin-macros

  '@inlang/recommend-sherlock@0.2.1':
    dependencies:
      comment-json: 4.2.5

  '@inlang/sdk@2.4.9':
    dependencies:
      '@lix-js/sdk': 0.4.7
      '@sinclair/typebox': 0.31.28
      kysely: 0.27.6
      sqlite-wasm-kysely: 0.3.0(kysely@0.27.6)
      uuid: 10.0.0
    transitivePeerDependencies:
      - babel-plugin-macros

  '@lix-js/sdk@0.4.7':
    dependencies:
      '@lix-js/server-protocol-schema': 0.1.1
      dedent: 1.5.1
      human-id: 4.1.1
      js-sha256: 0.11.1
      kysely: 0.27.6
      sqlite-wasm-kysely: 0.3.0(kysely@0.27.6)
      uuid: 10.0.0
    transitivePeerDependencies:
      - babel-plugin-macros

  '@lix-js/server-protocol-schema@0.1.1': {}

  '@playwright/test@1.51.0':
    dependencies:
      playwright: 1.51.0

  '@sinclair/typebox@0.31.28': {}

  '@sqlite.org/sqlite-wasm@3.48.0-build4': {}

  '@types/node@22.13.10':
    dependencies:
      undici-types: 6.20.0

  acorn@8.15.0: {}

  ansi-regex@4.1.1: {}

  ansi-styles@3.2.1:
    dependencies:
      color-convert: 1.9.3

  anymatch@3.1.3:
    dependencies:
      normalize-path: 3.0.0
      picomatch: 2.3.1

  array-timsort@1.0.3: {}

  binary-extensions@2.3.0: {}

  braces@3.0.3:
    dependencies:
      fill-range: 7.1.1

  camelcase@5.3.1: {}

  chokidar-cli@3.0.0:
    dependencies:
      chokidar: 3.6.0
      lodash.debounce: 4.0.8
      lodash.throttle: 4.1.1
      yargs: 13.3.2

  chokidar@3.6.0:
    dependencies:
      anymatch: 3.1.3
      braces: 3.0.3
      glob-parent: 5.1.2
      is-binary-path: 2.1.0
      is-glob: 4.0.3
      normalize-path: 3.0.0
      readdirp: 3.6.0
    optionalDependencies:
      fsevents: 2.3.2

  cliui@5.0.0:
    dependencies:
      string-width: 3.1.0
      strip-ansi: 5.2.0
      wrap-ansi: 5.1.0

  color-convert@1.9.3:
    dependencies:
      color-name: 1.1.3

  color-name@1.1.3: {}

  commander@11.1.0: {}

  comment-json@4.2.5:
    dependencies:
      array-timsort: 1.0.3
      core-util-is: 1.0.3
      esprima: 4.0.1
      has-own-prop: 2.0.0
      repeat-string: 1.6.1

  consola@3.4.0: {}

  core-util-is@1.0.3: {}

  cross-env@7.0.3:
    dependencies:
      cross-spawn: 7.0.6

  cross-spawn@7.0.6:
    dependencies:
      path-key: 3.1.1
      shebang-command: 2.0.0
      which: 2.0.2

  date-fns@4.1.0: {}

  decamelize@1.2.0: {}

  dedent@1.5.1: {}

  dotenv@16.4.7: {}

  emoji-regex@7.0.3: {}

  esbuild-wasm@0.19.12: {}

  esprima@4.0.1: {}

  fill-range@7.1.1:
    dependencies:
      to-regex-range: 5.0.1

  find-up@3.0.0:
    dependencies:
      locate-path: 3.0.0

  fsevents@2.3.2:
    optional: true

  get-caller-file@2.0.5: {}

  glob-parent@5.1.2:
    dependencies:
      is-glob: 4.0.3

  has-own-prop@2.0.0: {}

  human-id@4.1.1: {}

  invert-kv@3.0.1: {}

  is-binary-path@2.1.0:
    dependencies:
      binary-extensions: 2.3.0

  is-extglob@2.1.1: {}

  is-fullwidth-code-point@2.0.0: {}

  is-glob@4.0.3:
    dependencies:
      is-extglob: 2.1.1

  is-number@7.0.0: {}

  isexe@2.0.0: {}

  js-sha256@0.11.1: {}

  json5@2.2.3: {}

  kysely@0.27.6: {}

  lcid@3.1.1:
    dependencies:
      invert-kv: 3.0.1

  locate-path@3.0.0:
    dependencies:
      p-locate: 3.0.0
      path-exists: 3.0.0

  lodash.debounce@4.0.8: {}

  lodash.throttle@4.1.1: {}

  normalize-path@3.0.0: {}

  os-locale@6.0.2:
    dependencies:
      lcid: 3.1.1

  p-limit@2.3.0:
    dependencies:
      p-try: 2.2.0

  p-locate@3.0.0:
    dependencies:
      p-limit: 2.3.0

  p-try@2.2.0: {}

  path-exists@3.0.0: {}

  path-key@3.1.1: {}

  picomatch@2.3.1: {}

  picomatch@4.0.3: {}

  playwright-core@1.51.0: {}

  playwright@1.51.0:
    dependencies:
      playwright-core: 1.51.0
    optionalDependencies:
      fsevents: 2.3.2

  readdirp@3.6.0:
    dependencies:
      picomatch: 2.3.1

  repeat-string@1.6.1: {}

  require-directory@2.1.1: {}

  require-main-filename@2.0.0: {}

  set-blocking@2.0.0: {}

  shebang-command@2.0.0:
    dependencies:
      shebang-regex: 3.0.0

  shebang-regex@3.0.0: {}

  sqlite-wasm-kysely@0.3.0(kysely@0.27.6):
    dependencies:
      '@sqlite.org/sqlite-wasm': 3.48.0-build4
      kysely: 0.27.6

  string-width@3.1.0:
    dependencies:
      emoji-regex: 7.0.3
      is-fullwidth-code-point: 2.0.0
      strip-ansi: 5.2.0

  strip-ansi@5.2.0:
    dependencies:
      ansi-regex: 4.1.1

  to-regex-range@5.0.1:
    dependencies:
      is-number: 7.0.0

  undici-types@6.20.0: {}

  unplugin@2.3.5:
    dependencies:
      acorn: 8.15.0
      picomatch: 4.0.3
      webpack-virtual-modules: 0.6.2

  urlpattern-polyfill@10.1.0: {}

  uuid@10.0.0: {}

  webpack-virtual-modules@0.6.2: {}

  which-module@2.0.1: {}

  which@2.0.2:
    dependencies:
      isexe: 2.0.0

  wrap-ansi@5.1.0:
    dependencies:
      ansi-styles: 3.2.1
      string-width: 3.1.0
      strip-ansi: 5.2.0

  y18n@4.0.3: {}

  yargs-parser@13.1.2:
    dependencies:
      camelcase: 5.3.1
      decamelize: 1.2.0

  yargs@13.3.2:
    dependencies:
      cliui: 5.0.0
      find-up: 3.0.0
      get-caller-file: 2.0.5
      require-directory: 2.1.1
      require-main-filename: 2.0.0
      set-blocking: 2.0.0
      string-width: 3.1.0
      which-module: 2.0.1
      y18n: 4.0.3
      yargs-parser: 13.1.2
