lockfileVersion: '9.0'

settings:
  autoInstallPeers: true
  excludeLinksFromLockfile: false

importers:

  .:
    devDependencies:
      '@playwright/test':
        specifier: ^1.51.0
        version: 1.51.0
      '@types/node':
        specifier: ^22.13.10
        version: 22.13.10
      cross-env:
        specifier: ^7.0.3
        version: 7.0.3
      date-fns:
        specifier: ^4.1.0
        version: 4.1.0
      dotenv:
        specifier: ^16.4.7
        version: 16.4.7
      i18next:
        specifier: ^24.2.3
        version: 24.2.3
      i18next-fs-backend:
        specifier: ^2.6.0
        version: 2.6.0
      luxon:
        specifier: ^3.6.1
        version: 3.6.1
      os-locale:
        specifier: ^6.0.2
        version: 6.0.2

packages:

  '@babel/runtime@7.26.10':
    resolution: {integrity: sha512-2WJMeRQPHKSPemqk/awGrAiuFfzBmOIPXKizAsVhWH9YJqLZ0H+HS4c8loHGgW6utJ3E/ejXQUsiGaQy2NZ9Fw==}
    engines: {node: '>=6.9.0'}

  '@playwright/test@1.51.0':
    resolution: {integrity: sha512-dJ0dMbZeHhI+wb77+ljx/FeC8VBP6j/rj9OAojO08JI80wTZy6vRk9KvHKiDCUh4iMpEiseMgqRBIeW+eKX6RA==}
    engines: {node: '>=18'}
    hasBin: true

  '@types/node@22.13.10':
    resolution: {integrity: sha512-I6LPUvlRH+O6VRUqYOcMudhaIdUVWfsjnZavnsraHvpBwaEyMN29ry+0UVJhImYL16xsscu0aske3yA+uPOWfw==}

  cross-env@7.0.3:
    resolution: {integrity: sha512-+/HKd6EgcQCJGh2PSjZuUitQBQynKor4wrFbRg4DtAgS1aWO+gU52xpH7M9ScGgXSYmAVS9bIJ8EzuaGw0oNAw==}
    engines: {node: '>=10.14', npm: '>=6', yarn: '>=1'}
    hasBin: true

  cross-spawn@7.0.6:
    resolution: {integrity: sha512-uV2QOWP2nWzsy2aMp8aRibhi9dlzF5Hgh5SHaB9OiTGEyDTiJJyx0uy51QXdyWbtAHNua4XJzUKca3OzKUd3vA==}
    engines: {node: '>= 8'}

  date-fns@4.1.0:
    resolution: {integrity: sha512-Ukq0owbQXxa/U3EGtsdVBkR1w7KOQ5gIBqdH2hkvknzZPYvBxb/aa6E8L7tmjFtkwZBu3UXBbjIgPo/Ez4xaNg==}

  dotenv@16.4.7:
    resolution: {integrity: sha512-47qPchRCykZC03FhkYAhrvwU4xDBFIj1QPqaarj6mdM/hgUzfPHcpkHJOn3mJAufFeeAxAzeGsr5X0M4k6fLZQ==}
    engines: {node: '>=12'}

  fsevents@2.3.2:
    resolution: {integrity: sha512-xiqMQR4xAeHTuB9uWm+fFRcIOgKBMiOBP+eXiyT7jsgVCq1bkVygt00oASowB7EdtpOHaaPgKt812P9ab+DDKA==}
    engines: {node: ^8.16.0 || ^10.6.0 || >=11.0.0}
    os: [darwin]

  i18next-fs-backend@2.6.0:
    resolution: {integrity: sha512-3ZlhNoF9yxnM8pa8bWp5120/Ob6t4lVl1l/tbLmkml/ei3ud8IWySCHt2lrY5xWRlSU5D9IV2sm5bEbGuTqwTw==}

  i18next@24.2.3:
    resolution: {integrity: sha512-lfbf80OzkocvX7nmZtu7nSTNbrTYR52sLWxPtlXX1zAhVw8WEnFk4puUkCR4B1dNQwbSpEHHHemcZu//7EcB7A==}
    peerDependencies:
      typescript: ^5
    peerDependenciesMeta:
      typescript:
        optional: true

  invert-kv@3.0.1:
    resolution: {integrity: sha512-CYdFeFexxhv/Bcny+Q0BfOV+ltRlJcd4BBZBYFX/O0u4npJrgZtIcjokegtiSMAvlMTJ+Koq0GBCc//3bueQxw==}
    engines: {node: '>=8'}

  isexe@2.0.0:
    resolution: {integrity: sha512-RHxMLp9lnKHGHRng9QFhRCMbYAcVpn69smSGcq3f36xjgVVWThj4qqLbTLlq7Ssj8B+fIQ1EuCEGI2lKsyQeIw==}

  lcid@3.1.1:
    resolution: {integrity: sha512-M6T051+5QCGLBQb8id3hdvIW8+zeFV2FyBGFS9IEK5H9Wt4MueD4bW1eWikpHgZp+5xR3l5c8pZUkQsIA0BFZg==}
    engines: {node: '>=8'}

  luxon@3.6.1:
    resolution: {integrity: sha512-tJLxrKJhO2ukZ5z0gyjY1zPh3Rh88Ej9P7jNrZiHMUXHae1yvI2imgOZtL1TO8TW6biMMKfTtAOoEJANgtWBMQ==}
    engines: {node: '>=12'}

  os-locale@6.0.2:
    resolution: {integrity: sha512-qIb8bzRqaN/vVqEYZ7lTAg6PonskO7xOmM7OClD28F6eFa4s5XGe4bGpHUHMoCHbNNuR0pDYFeSLiW5bnjWXIA==}
    engines: {node: '>=12.20'}

  path-key@3.1.1:
    resolution: {integrity: sha512-ojmeN0qd+y0jszEtoY48r0Peq5dwMEkIlCOu6Q5f41lfkswXuKtYrhgoTpLnyIcHm24Uhqx+5Tqm2InSwLhE6Q==}
    engines: {node: '>=8'}

  playwright-core@1.51.0:
    resolution: {integrity: sha512-x47yPE3Zwhlil7wlNU/iktF7t2r/URR3VLbH6EknJd/04Qc/PSJ0EY3CMXipmglLG+zyRxW6HNo2EGbKLHPWMg==}
    engines: {node: '>=18'}
    hasBin: true

  playwright@1.51.0:
    resolution: {integrity: sha512-442pTfGM0xxfCYxuBa/Pu6B2OqxqqaYq39JS8QDMGThUvIOCd6s0ANDog3uwA0cHavVlnTQzGCN7Id2YekDSXA==}
    engines: {node: '>=18'}
    hasBin: true

  regenerator-runtime@0.14.1:
    resolution: {integrity: sha512-dYnhHh0nJoMfnkZs6GmmhFknAGRrLznOu5nc9ML+EJxGvrx6H7teuevqVqCuPcPK//3eDrrjQhehXVx9cnkGdw==}

  shebang-command@2.0.0:
    resolution: {integrity: sha512-kHxr2zZpYtdmrN1qDjrrX/Z1rR1kG8Dx+gkpK1G4eXmvXswmcE1hTWBWYUzlraYw1/yZp6YuDY77YtvbN0dmDA==}
    engines: {node: '>=8'}

  shebang-regex@3.0.0:
    resolution: {integrity: sha512-7++dFhtcx3353uBaq8DDR4NuxBetBzC7ZQOhmTQInHEd6bSrXdiEyzCvG07Z44UYdLShWUyXt5M/yhz8ekcb1A==}
    engines: {node: '>=8'}

  undici-types@6.20.0:
    resolution: {integrity: sha512-Ny6QZ2Nju20vw1SRHe3d9jVu6gJ+4e3+MMpqu7pqE5HT6WsTSlce++GQmK5UXS8mzV8DSYHrQH+Xrf2jVcuKNg==}

  which@2.0.2:
    resolution: {integrity: sha512-BLI3Tl1TW3Pvl70l3yq3Y64i+awpwXqsGBYWkkqMtnbXgrMD+yj7rhW0kuEDxzJaYXGjEW5ogapKNMEKNMjibA==}
    engines: {node: '>= 8'}
    hasBin: true

snapshots:

  '@babel/runtime@7.26.10':
    dependencies:
      regenerator-runtime: 0.14.1

  '@playwright/test@1.51.0':
    dependencies:
      playwright: 1.51.0

  '@types/node@22.13.10':
    dependencies:
      undici-types: 6.20.0

  cross-env@7.0.3:
    dependencies:
      cross-spawn: 7.0.6

  cross-spawn@7.0.6:
    dependencies:
      path-key: 3.1.1
      shebang-command: 2.0.0
      which: 2.0.2

  date-fns@4.1.0: {}

  dotenv@16.4.7: {}

  fsevents@2.3.2:
    optional: true

  i18next-fs-backend@2.6.0: {}

  i18next@24.2.3:
    dependencies:
      '@babel/runtime': 7.26.10

  invert-kv@3.0.1: {}

  isexe@2.0.0: {}

  lcid@3.1.1:
    dependencies:
      invert-kv: 3.0.1

  luxon@3.6.1: {}

  os-locale@6.0.2:
    dependencies:
      lcid: 3.1.1

  path-key@3.1.1: {}

  playwright-core@1.51.0: {}

  playwright@1.51.0:
    dependencies:
      playwright-core: 1.51.0
    optionalDependencies:
      fsevents: 2.3.2

  regenerator-runtime@0.14.1: {}

  shebang-command@2.0.0:
    dependencies:
      shebang-regex: 3.0.0

  shebang-regex@3.0.0: {}

  undici-types@6.20.0: {}

  which@2.0.2:
    dependencies:
      isexe: 2.0.0
