lockfileVersion: '9.0'

settings:
  autoInstallPeers: true
  excludeLinksFromLockfile: false

importers:

  .:
    devDependencies:
      '@inlang/cli':
        specifier: ^3.0.0
        version: 3.0.12
      '@inlang/paraglide-js':
        specifier: 2.2.0
        version: 2.2.0
      '@playwright/test':
        specifier: ^1.51.0
        version: 1.51.0
      '@types/node':
        specifier: ^22.13.10
        version: 22.13.10
      cross-env:
        specifier: ^7.0.3
        version: 7.0.3
      date-fns:
        specifier: ^4.1.0
        version: 4.1.0
      dotenv:
        specifier: ^16.4.7
        version: 16.4.7
      os-locale:
        specifier: ^6.0.2
        version: 6.0.2

packages:

  '@inlang/cli@3.0.12':
    resolution: {integrity: sha512-0FZJtgrt1Ol4iwKtA0VICrsHcA3stWTSP2jq8mpTgjTlFU63gr5JcyFljUT8Dp5nDIJYmdh3kJ0a8PhW0X8clQ==}
    engines: {node: '>=18.0.0'}
    hasBin: true

  '@inlang/paraglide-js@2.2.0':
    resolution: {integrity: sha512-pkpXu1LanvpcAbvpVPf7PgF11Uq7DliSEBngrcUN36l4ZOOpzn3QBTvVr/tJxvks0O67WseQgiMHet8KH7Oz5A==}
    hasBin: true

  '@inlang/recommend-sherlock@0.2.1':
    resolution: {integrity: sha512-ckv8HvHy/iTqaVAEKrr+gnl+p3XFNwe5D2+6w6wJk2ORV2XkcRkKOJ/XsTUJbPSiyi4PI+p+T3bqbmNx/rDUlg==}

  '@inlang/sdk@2.4.9':
    resolution: {integrity: sha512-cvz/C1rF5WBxzHbEoiBoI6Sz6q6M+TdxfWkEGBYTD77opY8i8WN01prUWXEM87GPF4SZcyIySez9U0Ccm12oFQ==}
    engines: {node: '>=18.0.0'}

  '@lix-js/sdk@0.4.7':
    resolution: {integrity: sha512-pRbW+joG12L0ULfMiWYosIW0plmW4AsUdiPCp+Z8rAsElJ+wJ6in58zhD3UwUcd4BNcpldEGjg6PdA7e0RgsDQ==}
    engines: {node: '>=18'}

  '@lix-js/server-protocol-schema@0.1.1':
    resolution: {integrity: sha512-jBeALB6prAbtr5q4vTuxnRZZv1M2rKe8iNqRQhFJ4Tv7150unEa0vKyz0hs8Gl3fUGsWaNJBh3J8++fpbrpRBQ==}

  '@playwright/test@1.51.0':
    resolution: {integrity: sha512-dJ0dMbZeHhI+wb77+ljx/FeC8VBP6j/rj9OAojO08JI80wTZy6vRk9KvHKiDCUh4iMpEiseMgqRBIeW+eKX6RA==}
    engines: {node: '>=18'}
    hasBin: true

  '@sinclair/typebox@0.31.28':
    resolution: {integrity: sha512-/s55Jujywdw/Jpan+vsy6JZs1z2ZTGxTmbZTPiuSL2wz9mfzA2gN1zzaqmvfi4pq+uOt7Du85fkiwv5ymW84aQ==}

  '@sqlite.org/sqlite-wasm@3.48.0-build4':
    resolution: {integrity: sha512-hI6twvUkzOmyGZhQMza1gpfqErZxXRw6JEsiVjUbo7tFanVD+8Oil0Ih3l2nGzHdxPI41zFmfUQG7GHqhciKZQ==}
    hasBin: true

  '@types/node@22.13.10':
    resolution: {integrity: sha512-I6LPUvlRH+O6VRUqYOcMudhaIdUVWfsjnZavnsraHvpBwaEyMN29ry+0UVJhImYL16xsscu0aske3yA+uPOWfw==}

  acorn@8.15.0:
    resolution: {integrity: sha512-NZyJarBfL7nWwIq+FDL6Zp/yHEhePMNnnJ0y3qfieCrmNvYct8uvtiV41UvlSe6apAfk0fY1FbWx+NwfmpvtTg==}
    engines: {node: '>=0.4.0'}
    hasBin: true

  array-timsort@1.0.3:
    resolution: {integrity: sha512-/+3GRL7dDAGEfM6TseQk/U+mi18TU2Ms9I3UlLdUMhz2hbvGNTKdj9xniwXfUqgYhHxRx0+8UnKkvlNwVU+cWQ==}

  commander@11.1.0:
    resolution: {integrity: sha512-yPVavfyCcRhmorC7rWlkHn15b4wDVgVmBA7kV4QVBsF7kv/9TKJAbAXVTxvTnwP8HHKjRCJDClKbciiYS7p0DQ==}
    engines: {node: '>=16'}

  comment-json@4.2.5:
    resolution: {integrity: sha512-bKw/r35jR3HGt5PEPm1ljsQQGyCrR8sFGNiN5L+ykDHdpO8Smxkrkla9Yi6NkQyUrb8V54PGhfMs6NrIwtxtdw==}
    engines: {node: '>= 6'}

  consola@3.4.0:
    resolution: {integrity: sha512-EiPU8G6dQG0GFHNR8ljnZFki/8a+cQwEQ+7wpxdChl02Q8HXlwEZWD5lqAF8vC2sEC3Tehr8hy7vErz88LHyUA==}
    engines: {node: ^14.18.0 || >=16.10.0}

  core-util-is@1.0.3:
    resolution: {integrity: sha512-ZQBvi1DcpJ4GDqanjucZ2Hj3wEO5pZDS89BWbkcrvdxksJorwUDDZamX9ldFkp9aw2lmBDLgkObEA4DWNJ9FYQ==}

  cross-env@7.0.3:
    resolution: {integrity: sha512-+/HKd6EgcQCJGh2PSjZuUitQBQynKor4wrFbRg4DtAgS1aWO+gU52xpH7M9ScGgXSYmAVS9bIJ8EzuaGw0oNAw==}
    engines: {node: '>=10.14', npm: '>=6', yarn: '>=1'}
    hasBin: true

  cross-spawn@7.0.6:
    resolution: {integrity: sha512-uV2QOWP2nWzsy2aMp8aRibhi9dlzF5Hgh5SHaB9OiTGEyDTiJJyx0uy51QXdyWbtAHNua4XJzUKca3OzKUd3vA==}
    engines: {node: '>= 8'}

  date-fns@4.1.0:
    resolution: {integrity: sha512-Ukq0owbQXxa/U3EGtsdVBkR1w7KOQ5gIBqdH2hkvknzZPYvBxb/aa6E8L7tmjFtkwZBu3UXBbjIgPo/Ez4xaNg==}

  dedent@1.5.1:
    resolution: {integrity: sha512-+LxW+KLWxu3HW3M2w2ympwtqPrqYRzU8fqi6Fhd18fBALe15blJPI/I4+UHveMVG6lJqB4JNd4UG0S5cnVHwIg==}
    peerDependencies:
      babel-plugin-macros: ^3.1.0
    peerDependenciesMeta:
      babel-plugin-macros:
        optional: true

  dotenv@16.4.7:
    resolution: {integrity: sha512-47qPchRCykZC03FhkYAhrvwU4xDBFIj1QPqaarj6mdM/hgUzfPHcpkHJOn3mJAufFeeAxAzeGsr5X0M4k6fLZQ==}
    engines: {node: '>=12'}

  esbuild-wasm@0.19.12:
    resolution: {integrity: sha512-Zmc4hk6FibJZBcTx5/8K/4jT3/oG1vkGTEeKJUQFCUQKimD6Q7+adp/bdVQyYJFolMKaXkQnVZdV4O5ZaTYmyQ==}
    engines: {node: '>=12'}
    hasBin: true

  esprima@4.0.1:
    resolution: {integrity: sha512-eGuFFw7Upda+g4p+QHvnW0RyTX/SVeJBDM/gCtMARO0cLuT2HcEKnTPvhjV6aGeqrCB/sbNop0Kszm0jsaWU4A==}
    engines: {node: '>=4'}
    hasBin: true

  fsevents@2.3.2:
    resolution: {integrity: sha512-xiqMQR4xAeHTuB9uWm+fFRcIOgKBMiOBP+eXiyT7jsgVCq1bkVygt00oASowB7EdtpOHaaPgKt812P9ab+DDKA==}
    engines: {node: ^8.16.0 || ^10.6.0 || >=11.0.0}
    os: [darwin]

  has-own-prop@2.0.0:
    resolution: {integrity: sha512-Pq0h+hvsVm6dDEa8x82GnLSYHOzNDt7f0ddFa3FqcQlgzEiptPqL+XrOJNavjOzSYiYWIrgeVYYgGlLmnxwilQ==}
    engines: {node: '>=8'}

  human-id@4.1.1:
    resolution: {integrity: sha512-3gKm/gCSUipeLsRYZbbdA1BD83lBoWUkZ7G9VFrhWPAU76KwYo5KR8V28bpoPm/ygy0x5/GCbpRQdY7VLYCoIg==}
    hasBin: true

  invert-kv@3.0.1:
    resolution: {integrity: sha512-CYdFeFexxhv/Bcny+Q0BfOV+ltRlJcd4BBZBYFX/O0u4npJrgZtIcjokegtiSMAvlMTJ+Koq0GBCc//3bueQxw==}
    engines: {node: '>=8'}

  isexe@2.0.0:
    resolution: {integrity: sha512-RHxMLp9lnKHGHRng9QFhRCMbYAcVpn69smSGcq3f36xjgVVWThj4qqLbTLlq7Ssj8B+fIQ1EuCEGI2lKsyQeIw==}

  js-sha256@0.11.1:
    resolution: {integrity: sha512-o6WSo/LUvY2uC4j7mO50a2ms7E/EAdbP0swigLV+nzHKTTaYnaLIWJ02VdXrsJX0vGedDESQnLsOekr94ryfjg==}

  json5@2.2.3:
    resolution: {integrity: sha512-XmOWe7eyHYH14cLdVPoyg+GOH3rYX++KpzrylJwSW98t3Nk+U8XOl8FWKOgwtzdb8lXGf6zYwDUzeHMWfxasyg==}
    engines: {node: '>=6'}
    hasBin: true

  kysely@0.27.6:
    resolution: {integrity: sha512-FIyV/64EkKhJmjgC0g2hygpBv5RNWVPyNCqSAD7eTCv6eFWNIi4PN1UvdSJGicN/o35bnevgis4Y0UDC0qi8jQ==}
    engines: {node: '>=14.0.0'}

  lcid@3.1.1:
    resolution: {integrity: sha512-M6T051+5QCGLBQb8id3hdvIW8+zeFV2FyBGFS9IEK5H9Wt4MueD4bW1eWikpHgZp+5xR3l5c8pZUkQsIA0BFZg==}
    engines: {node: '>=8'}

  os-locale@6.0.2:
    resolution: {integrity: sha512-qIb8bzRqaN/vVqEYZ7lTAg6PonskO7xOmM7OClD28F6eFa4s5XGe4bGpHUHMoCHbNNuR0pDYFeSLiW5bnjWXIA==}
    engines: {node: '>=12.20'}

  path-key@3.1.1:
    resolution: {integrity: sha512-ojmeN0qd+y0jszEtoY48r0Peq5dwMEkIlCOu6Q5f41lfkswXuKtYrhgoTpLnyIcHm24Uhqx+5Tqm2InSwLhE6Q==}
    engines: {node: '>=8'}

  picomatch@4.0.3:
    resolution: {integrity: sha512-5gTmgEY/sqK6gFXLIsQNH19lWb4ebPDLA4SdLP7dsWkIXHWlG66oPuVvXSGFPppYZz8ZDZq0dYYrbHfBCVUb1Q==}
    engines: {node: '>=12'}

  playwright-core@1.51.0:
    resolution: {integrity: sha512-x47yPE3Zwhlil7wlNU/iktF7t2r/URR3VLbH6EknJd/04Qc/PSJ0EY3CMXipmglLG+zyRxW6HNo2EGbKLHPWMg==}
    engines: {node: '>=18'}
    hasBin: true

  playwright@1.51.0:
    resolution: {integrity: sha512-442pTfGM0xxfCYxuBa/Pu6B2OqxqqaYq39JS8QDMGThUvIOCd6s0ANDog3uwA0cHavVlnTQzGCN7Id2YekDSXA==}
    engines: {node: '>=18'}
    hasBin: true

  repeat-string@1.6.1:
    resolution: {integrity: sha512-PV0dzCYDNfRi1jCDbJzpW7jNNDRuCOG/jI5ctQcGKt/clZD+YcPS3yIlWuTJMmESC8aevCFmWJy5wjAFgNqN6w==}
    engines: {node: '>=0.10'}

  shebang-command@2.0.0:
    resolution: {integrity: sha512-kHxr2zZpYtdmrN1qDjrrX/Z1rR1kG8Dx+gkpK1G4eXmvXswmcE1hTWBWYUzlraYw1/yZp6YuDY77YtvbN0dmDA==}
    engines: {node: '>=8'}

  shebang-regex@3.0.0:
    resolution: {integrity: sha512-7++dFhtcx3353uBaq8DDR4NuxBetBzC7ZQOhmTQInHEd6bSrXdiEyzCvG07Z44UYdLShWUyXt5M/yhz8ekcb1A==}
    engines: {node: '>=8'}

  sqlite-wasm-kysely@0.3.0:
    resolution: {integrity: sha512-TzjBNv7KwRw6E3pdKdlRyZiTmUIE0UttT/Sl56MVwVARl/u5gp978KepazCJZewFUnlWHz9i3NQd4kOtP/Afdg==}
    peerDependencies:
      kysely: '*'

  undici-types@6.20.0:
    resolution: {integrity: sha512-Ny6QZ2Nju20vw1SRHe3d9jVu6gJ+4e3+MMpqu7pqE5HT6WsTSlce++GQmK5UXS8mzV8DSYHrQH+Xrf2jVcuKNg==}

  unplugin@2.3.5:
    resolution: {integrity: sha512-RyWSb5AHmGtjjNQ6gIlA67sHOsWpsbWpwDokLwTcejVdOjEkJZh7QKu14J00gDDVSh8kGH4KYC/TNBceXFZhtw==}
    engines: {node: '>=18.12.0'}

  urlpattern-polyfill@10.1.0:
    resolution: {integrity: sha512-IGjKp/o0NL3Bso1PymYURCJxMPNAf/ILOpendP9f5B6e1rTJgdgiOvgfoT8VxCAdY+Wisb9uhGaJJf3yZ2V9nw==}

  uuid@10.0.0:
    resolution: {integrity: sha512-8XkAphELsDnEGrDxUOHB3RGvXz6TeuYSGEZBOjtTtPm2lwhGBjLgOzLHB63IUWfBpNucQjND6d3AOudO+H3RWQ==}
    hasBin: true

  webpack-virtual-modules@0.6.2:
    resolution: {integrity: sha512-66/V2i5hQanC51vBQKPH4aI8NMAcBW59FVBs+rC7eGHupMyfn34q7rZIE+ETlJ+XTevqfUhVVBgSUNSW2flEUQ==}

  which@2.0.2:
    resolution: {integrity: sha512-BLI3Tl1TW3Pvl70l3yq3Y64i+awpwXqsGBYWkkqMtnbXgrMD+yj7rhW0kuEDxzJaYXGjEW5ogapKNMEKNMjibA==}
    engines: {node: '>= 8'}
    hasBin: true

snapshots:

  '@inlang/cli@3.0.12':
    dependencies:
      '@inlang/sdk': 2.4.9
      esbuild-wasm: 0.19.12
    transitivePeerDependencies:
      - babel-plugin-macros

  '@inlang/paraglide-js@2.2.0':
    dependencies:
      '@inlang/recommend-sherlock': 0.2.1
      '@inlang/sdk': 2.4.9
      commander: 11.1.0
      consola: 3.4.0
      json5: 2.2.3
      unplugin: 2.3.5
      urlpattern-polyfill: 10.1.0
    transitivePeerDependencies:
      - babel-plugin-macros

  '@inlang/recommend-sherlock@0.2.1':
    dependencies:
      comment-json: 4.2.5

  '@inlang/sdk@2.4.9':
    dependencies:
      '@lix-js/sdk': 0.4.7
      '@sinclair/typebox': 0.31.28
      kysely: 0.27.6
      sqlite-wasm-kysely: 0.3.0(kysely@0.27.6)
      uuid: 10.0.0
    transitivePeerDependencies:
      - babel-plugin-macros

  '@lix-js/sdk@0.4.7':
    dependencies:
      '@lix-js/server-protocol-schema': 0.1.1
      dedent: 1.5.1
      human-id: 4.1.1
      js-sha256: 0.11.1
      kysely: 0.27.6
      sqlite-wasm-kysely: 0.3.0(kysely@0.27.6)
      uuid: 10.0.0
    transitivePeerDependencies:
      - babel-plugin-macros

  '@lix-js/server-protocol-schema@0.1.1': {}

  '@playwright/test@1.51.0':
    dependencies:
      playwright: 1.51.0

  '@sinclair/typebox@0.31.28': {}

  '@sqlite.org/sqlite-wasm@3.48.0-build4': {}

  '@types/node@22.13.10':
    dependencies:
      undici-types: 6.20.0

  acorn@8.15.0: {}

  array-timsort@1.0.3: {}

  commander@11.1.0: {}

  comment-json@4.2.5:
    dependencies:
      array-timsort: 1.0.3
      core-util-is: 1.0.3
      esprima: 4.0.1
      has-own-prop: 2.0.0
      repeat-string: 1.6.1

  consola@3.4.0: {}

  core-util-is@1.0.3: {}

  cross-env@7.0.3:
    dependencies:
      cross-spawn: 7.0.6

  cross-spawn@7.0.6:
    dependencies:
      path-key: 3.1.1
      shebang-command: 2.0.0
      which: 2.0.2

  date-fns@4.1.0: {}

  dedent@1.5.1: {}

  dotenv@16.4.7: {}

  esbuild-wasm@0.19.12: {}

  esprima@4.0.1: {}

  fsevents@2.3.2:
    optional: true

  has-own-prop@2.0.0: {}

  human-id@4.1.1: {}

  invert-kv@3.0.1: {}

  isexe@2.0.0: {}

  js-sha256@0.11.1: {}

  json5@2.2.3: {}

  kysely@0.27.6: {}

  lcid@3.1.1:
    dependencies:
      invert-kv: 3.0.1

  os-locale@6.0.2:
    dependencies:
      lcid: 3.1.1

  path-key@3.1.1: {}

  picomatch@4.0.3: {}

  playwright-core@1.51.0: {}

  playwright@1.51.0:
    dependencies:
      playwright-core: 1.51.0
    optionalDependencies:
      fsevents: 2.3.2

  repeat-string@1.6.1: {}

  shebang-command@2.0.0:
    dependencies:
      shebang-regex: 3.0.0

  shebang-regex@3.0.0: {}

  sqlite-wasm-kysely@0.3.0(kysely@0.27.6):
    dependencies:
      '@sqlite.org/sqlite-wasm': 3.48.0-build4
      kysely: 0.27.6

  undici-types@6.20.0: {}

  unplugin@2.3.5:
    dependencies:
      acorn: 8.15.0
      picomatch: 4.0.3
      webpack-virtual-modules: 0.6.2

  urlpattern-polyfill@10.1.0: {}

  uuid@10.0.0: {}

  webpack-virtual-modules@0.6.2: {}

  which@2.0.2:
    dependencies:
      isexe: 2.0.0
